
Microsoft Visual Studio Solution File, Format Version 12.00
# Visual Studio 15
VisualStudioVersion = 15.0.27004.2008
MinimumVisualStudioVersion = 10.0.40219.1
Project("{8BC9CEB8-8B4A-11D0-8D11-00A0C91BC942}") = "LoadSelfMix", "LoadSelfMix\LoadSelfMix.vcxproj", "{F4E521CB-5751-46B9-A343-26AFE66CC5AE}"
EndProject
Global
	GlobalSection(SolutionConfigurationPlatforms) = preSolution
		Debug|x64 = Debug|x64
		Debug|x86 = Debug|x86
		Release|x64 = Release|x64
		Release|x86 = Release|x86
	EndGlobalSection
	GlobalSection(ProjectConfigurationPlatforms) = postSolution
		{F4E521CB-5751-46B9-A343-26AFE66CC5AE}.Debug|x64.ActiveCfg = Debug|x64
		{F4E521CB-5751-46B9-A343-26AFE66CC5AE}.Debug|x64.Build.0 = Debug|x64
		{F4E521CB-5751-46B9-A343-26AFE66CC5AE}.Debug|x86.ActiveCfg = Debug|Win32
		{F4E521CB-5751-46B9-A343-26AFE66CC5AE}.Debug|x86.Build.0 = Debug|Win32
		{F4E521CB-5751-46B9-A343-26AFE66CC5AE}.Release|x64.ActiveCfg = Release|x64
		{F4E521CB-5751-46B9-A343-26AFE66CC5AE}.Release|x64.Build.0 = Release|x64
		{F4E521CB-5751-46B9-A343-26AFE66CC5AE}.Release|x86.ActiveCfg = Release|Win32
		{F4E521CB-5751-46B9-A343-26AFE66CC5AE}.Release|x86.Build.0 = Release|Win32
	EndGlobalSection
	GlobalSection(SolutionProperties) = preSolution
		HideSolutionNode = FALSE
	EndGlobalSection
	GlobalSection(ExtensibilityGlobals) = postSolution
		SolutionGuid = {68EE6DCE-6009-43C4-B1CC-47CB2FFC654F}
	EndGlobalSection
EndGlobal
